
Microsoft Visual Studio Solution File, Format Version 12.00
# Visual Studio 15
VisualStudioVersion = 15.0.26430.16
MinimumVisualStudioVersion = 10.0.40219.1
Project("{D954291E-2A0B-460D-934E-DC6B0785DB48}") = "calculator", "calculator\calculator\calculator.shproj", "{3E96E6A6-D1D9-4EB5-8FF9-6522138971B5}"
EndProject
Project("{FAE04EC0-301F-11D3-BF4B-00C04F79EFBC}") = "calculator.Android", "calculator\calculator.Android\calculator.Android.csproj", "{14179EEC-745D-4055-8D5A-164A05142A88}"
EndProject
Project("{FAE04EC0-301F-11D3-BF4B-00C04F79EFBC}") = "calculator.iOS", "calculator\calculator.iOS\calculator.iOS.csproj", "{96894233-B7F5-4D61-A1BD-97FF458CB67C}"
EndProject
Project("{FAE04EC0-301F-11D3-BF4B-00C04F79EFBC}") = "calculator.UWP", "calculator\calculator.UWP\calculator.UWP.csproj", "{DF573F0A-A645-4744-8AD2-972886D2EC44}"
EndProject
Global
	GlobalSection(SharedMSBuildProjectFiles) = preSolution
		calculator\calculator\calculator.projitems*{14179eec-745d-4055-8d5a-164a05142a88}*SharedItemsImports = 4
		calculator\calculator\calculator.projitems*{3e96e6a6-d1d9-4eb5-8ff9-6522138971b5}*SharedItemsImports = 13
		calculator\calculator\calculator.projitems*{96894233-b7f5-4d61-a1bd-97ff458cb67c}*SharedItemsImports = 4
		calculator\calculator\calculator.projitems*{df573f0a-a645-4744-8ad2-972886d2ec44}*SharedItemsImports = 4
	EndGlobalSection
	GlobalSection(SolutionConfigurationPlatforms) = preSolution
		Ad-Hoc|Any CPU = Ad-Hoc|Any CPU
		Ad-Hoc|ARM = Ad-Hoc|ARM
		Ad-Hoc|iPhone = Ad-Hoc|iPhone
		Ad-Hoc|iPhoneSimulator = Ad-Hoc|iPhoneSimulator
		Ad-Hoc|x64 = Ad-Hoc|x64
		Ad-Hoc|x86 = Ad-Hoc|x86
		AppStore|Any CPU = AppStore|Any CPU
		AppStore|ARM = AppStore|ARM
		AppStore|iPhone = AppStore|iPhone
		AppStore|iPhoneSimulator = AppStore|iPhoneSimulator
		AppStore|x64 = AppStore|x64
		AppStore|x86 = AppStore|x86
		Debug|Any CPU = Debug|Any CPU
		Debug|ARM = Debug|ARM
		Debug|iPhone = Debug|iPhone
		Debug|iPhoneSimulator = Debug|iPhoneSimulator
		Debug|x64 = Debug|x64
		Debug|x86 = Debug|x86
		Release|Any CPU = Release|Any CPU
		Release|ARM = Release|ARM
		Release|iPhone = Release|iPhone
		Release|iPhoneSimulator = Release|iPhoneSimulator
		Release|x64 = Release|x64
		Release|x86 = Release|x86
	EndGlobalSection
	GlobalSection(ProjectConfigurationPlatforms) = postSolution
		{14179EEC-745D-4055-8D5A-164A05142A88}.Ad-Hoc|Any CPU.ActiveCfg = Release|Any CPU
		{14179EEC-745D-4055-8D5A-164A05142A88}.Ad-Hoc|Any CPU.Build.0 = Release|Any CPU
		{14179EEC-745D-4055-8D5A-164A05142A88}.Ad-Hoc|Any CPU.Deploy.0 = Release|Any CPU
		{14179EEC-745D-4055-8D5A-164A05142A88}.Ad-Hoc|ARM.ActiveCfg = Release|Any CPU
		{14179EEC-745D-4055-8D5A-164A05142A88}.Ad-Hoc|ARM.Build.0 = Release|Any CPU
		{14179EEC-745D-4055-8D5A-164A05142A88}.Ad-Hoc|ARM.Deploy.0 = Release|Any CPU
		{14179EEC-745D-4055-8D5A-164A05142A88}.Ad-Hoc|iPhone.ActiveCfg = Release|Any CPU
		{14179EEC-745D-4055-8D5A-164A05142A88}.Ad-Hoc|iPhone.Build.0 = Release|Any CPU
		{14179EEC-745D-4055-8D5A-164A05142A88}.Ad-Hoc|iPhone.Deploy.0 = Release|Any CPU
		{14179EEC-745D-4055-8D5A-164A05142A88}.Ad-Hoc|iPhoneSimulator.ActiveCfg = Release|Any CPU
		{14179EEC-745D-4055-8D5A-164A05142A88}.Ad-Hoc|iPhoneSimulator.Build.0 = Release|Any CPU
		{14179EEC-745D-4055-8D5A-164A05142A88}.Ad-Hoc|iPhoneSimulator.Deploy.0 = Release|Any CPU
		{14179EEC-745D-4055-8D5A-164A05142A88}.Ad-Hoc|x64.ActiveCfg = Release|Any CPU
		{14179EEC-745D-4055-8D5A-164A05142A88}.Ad-Hoc|x64.Build.0 = Release|Any CPU
		{14179EEC-745D-4055-8D5A-164A05142A88}.Ad-Hoc|x64.Deploy.0 = Release|Any CPU
		{14179EEC-745D-4055-8D5A-164A05142A88}.Ad-Hoc|x86.ActiveCfg = Release|Any CPU
		{14179EEC-745D-4055-8D5A-164A05142A88}.Ad-Hoc|x86.Build.0 = Release|Any CPU
		{14179EEC-745D-4055-8D5A-164A05142A88}.Ad-Hoc|x86.Deploy.0 = Release|Any CPU
		{14179EEC-745D-4055-8D5A-164A05142A88}.AppStore|Any CPU.ActiveCfg = Release|Any CPU
		{14179EEC-745D-4055-8D5A-164A05142A88}.AppStore|Any CPU.Build.0 = Release|Any CPU
		{14179EEC-745D-4055-8D5A-164A05142A88}.AppStore|Any CPU.Deploy.0 = Release|Any CPU
		{14179EEC-745D-4055-8D5A-164A05142A88}.AppStore|ARM.ActiveCfg = Release|Any CPU
		{14179EEC-745D-4055-8D5A-164A05142A88}.AppStore|ARM.Build.0 = Release|Any CPU
		{14179EEC-745D-4055-8D5A-164A05142A88}.AppStore|ARM.Deploy.0 = Release|Any CPU
		{14179EEC-745D-4055-8D5A-164A05142A88}.AppStore|iPhone.ActiveCfg = Release|Any CPU
		{14179EEC-745D-4055-8D5A-164A05142A88}.AppStore|iPhone.Build.0 = Release|Any CPU
		{14179EEC-745D-4055-8D5A-164A05142A88}.AppStore|iPhone.Deploy.0 = Release|Any CPU
		{14179EEC-745D-4055-8D5A-164A05142A88}.AppStore|iPhoneSimulator.ActiveCfg = Release|Any CPU
		{14179EEC-745D-4055-8D5A-164A05142A88}.AppStore|iPhoneSimulator.Build.0 = Release|Any CPU
		{14179EEC-745D-4055-8D5A-164A05142A88}.AppStore|iPhoneSimulator.Deploy.0 = Release|Any CPU
		{14179EEC-745D-4055-8D5A-164A05142A88}.AppStore|x64.ActiveCfg = Release|Any CPU
		{14179EEC-745D-4055-8D5A-164A05142A88}.AppStore|x64.Build.0 = Release|Any CPU
		{14179EEC-745D-4055-8D5A-164A05142A88}.AppStore|x64.Deploy.0 = Release|Any CPU
		{14179EEC-745D-4055-8D5A-164A05142A88}.AppStore|x86.ActiveCfg = Release|Any CPU
		{14179EEC-745D-4055-8D5A-164A05142A88}.AppStore|x86.Build.0 = Release|Any CPU
		{14179EEC-745D-4055-8D5A-164A05142A88}.AppStore|x86.Deploy.0 = Release|Any CPU
		{14179EEC-745D-4055-8D5A-164A05142A88}.Debug|Any CPU.ActiveCfg = Debug|Any CPU
		{14179EEC-745D-4055-8D5A-164A05142A88}.Debug|Any CPU.Build.0 = Debug|Any CPU
		{14179EEC-745D-4055-8D5A-164A05142A88}.Debug|Any CPU.Deploy.0 = Debug|Any CPU
		{14179EEC-745D-4055-8D5A-164A05142A88}.Debug|ARM.ActiveCfg = Debug|Any CPU
		{14179EEC-745D-4055-8D5A-164A05142A88}.Debug|ARM.Build.0 = Debug|Any CPU
		{14179EEC-745D-4055-8D5A-164A05142A88}.Debug|ARM.Deploy.0 = Debug|Any CPU
		{14179EEC-745D-4055-8D5A-164A05142A88}.Debug|iPhone.ActiveCfg = Debug|Any CPU
		{14179EEC-745D-4055-8D5A-164A05142A88}.Debug|iPhone.Build.0 = Debug|Any CPU
		{14179EEC-745D-4055-8D5A-164A05142A88}.Debug|iPhone.Deploy.0 = Debug|Any CPU
		{14179EEC-745D-4055-8D5A-164A05142A88}.Debug|iPhoneSimulator.ActiveCfg = Debug|Any CPU
		{14179EEC-745D-4055-8D5A-164A05142A88}.Debug|iPhoneSimulator.Build.0 = Debug|Any CPU
		{14179EEC-745D-4055-8D5A-164A05142A88}.Debug|iPhoneSimulator.Deploy.0 = Debug|Any CPU
		{14179EEC-745D-4055-8D5A-164A05142A88}.Debug|x64.ActiveCfg = Debug|Any CPU
		{14179EEC-745D-4055-8D5A-164A05142A88}.Debug|x64.Build.0 = Debug|Any CPU
		{14179EEC-745D-4055-8D5A-164A05142A88}.Debug|x64.Deploy.0 = Debug|Any CPU
		{14179EEC-745D-4055-8D5A-164A05142A88}.Debug|x86.ActiveCfg = Debug|Any CPU
		{14179EEC-745D-4055-8D5A-164A05142A88}.Debug|x86.Build.0 = Debug|Any CPU
		{14179EEC-745D-4055-8D5A-164A05142A88}.Debug|x86.Deploy.0 = Debug|Any CPU
		{14179EEC-745D-4055-8D5A-164A05142A88}.Release|Any CPU.ActiveCfg = Release|Any CPU
		{14179EEC-745D-4055-8D5A-164A05142A88}.Release|Any CPU.Build.0 = Release|Any CPU
		{14179EEC-745D-4055-8D5A-164A05142A88}.Release|Any CPU.Deploy.0 = Release|Any CPU
		{14179EEC-745D-4055-8D5A-164A05142A88}.Release|ARM.ActiveCfg = Release|Any CPU
		{14179EEC-745D-4055-8D5A-164A05142A88}.Release|ARM.Build.0 = Release|Any CPU
		{14179EEC-745D-4055-8D5A-164A05142A88}.Release|ARM.Deploy.0 = Release|Any CPU
		{14179EEC-745D-4055-8D5A-164A05142A88}.Release|iPhone.ActiveCfg = Release|Any CPU
		{14179EEC-745D-4055-8D5A-164A05142A88}.Release|iPhone.Build.0 = Release|Any CPU
		{14179EEC-745D-4055-8D5A-164A05142A88}.Release|iPhone.Deploy.0 = Release|Any CPU
		{14179EEC-745D-4055-8D5A-164A05142A88}.Release|iPhoneSimulator.ActiveCfg = Release|Any CPU
		{14179EEC-745D-4055-8D5A-164A05142A88}.Release|iPhoneSimulator.Build.0 = Release|Any CPU
		{14179EEC-745D-4055-8D5A-164A05142A88}.Release|iPhoneSimulator.Deploy.0 = Release|Any CPU
		{14179EEC-745D-4055-8D5A-164A05142A88}.Release|x64.ActiveCfg = Release|Any CPU
		{14179EEC-745D-4055-8D5A-164A05142A88}.Release|x64.Build.0 = Release|Any CPU
		{14179EEC-745D-4055-8D5A-164A05142A88}.Release|x64.Deploy.0 = Release|Any CPU
		{14179EEC-745D-4055-8D5A-164A05142A88}.Release|x86.ActiveCfg = Release|Any CPU
		{14179EEC-745D-4055-8D5A-164A05142A88}.Release|x86.Build.0 = Release|Any CPU
		{14179EEC-745D-4055-8D5A-164A05142A88}.Release|x86.Deploy.0 = Release|Any CPU
		{96894233-B7F5-4D61-A1BD-97FF458CB67C}.Ad-Hoc|Any CPU.ActiveCfg = Ad-Hoc|iPhone
		{96894233-B7F5-4D61-A1BD-97FF458CB67C}.Ad-Hoc|ARM.ActiveCfg = Ad-Hoc|iPhone
		{96894233-B7F5-4D61-A1BD-97FF458CB67C}.Ad-Hoc|iPhone.ActiveCfg = Ad-Hoc|iPhone
		{96894233-B7F5-4D61-A1BD-97FF458CB67C}.Ad-Hoc|iPhone.Build.0 = Ad-Hoc|iPhone
		{96894233-B7F5-4D61-A1BD-97FF458CB67C}.Ad-Hoc|iPhoneSimulator.ActiveCfg = Ad-Hoc|iPhoneSimulator
		{96894233-B7F5-4D61-A1BD-97FF458CB67C}.Ad-Hoc|iPhoneSimulator.Build.0 = Ad-Hoc|iPhoneSimulator
		{96894233-B7F5-4D61-A1BD-97FF458CB67C}.Ad-Hoc|x64.ActiveCfg = Ad-Hoc|iPhone
		{96894233-B7F5-4D61-A1BD-97FF458CB67C}.Ad-Hoc|x86.ActiveCfg = Ad-Hoc|iPhone
		{96894233-B7F5-4D61-A1BD-97FF458CB67C}.AppStore|Any CPU.ActiveCfg = AppStore|iPhone
		{96894233-B7F5-4D61-A1BD-97FF458CB67C}.AppStore|ARM.ActiveCfg = AppStore|iPhone
		{96894233-B7F5-4D61-A1BD-97FF458CB67C}.AppStore|iPhone.ActiveCfg = AppStore|iPhone
		{96894233-B7F5-4D61-A1BD-97FF458CB67C}.AppStore|iPhone.Build.0 = AppStore|iPhone
		{96894233-B7F5-4D61-A1BD-97FF458CB67C}.AppStore|iPhoneSimulator.ActiveCfg = AppStore|iPhoneSimulator
		{96894233-B7F5-4D61-A1BD-97FF458CB67C}.AppStore|iPhoneSimulator.Build.0 = AppStore|iPhoneSimulator
		{96894233-B7F5-4D61-A1BD-97FF458CB67C}.AppStore|x64.ActiveCfg = AppStore|iPhone
		{96894233-B7F5-4D61-A1BD-97FF458CB67C}.AppStore|x86.ActiveCfg = AppStore|iPhone
		{96894233-B7F5-4D61-A1BD-97FF458CB67C}.Debug|Any CPU.ActiveCfg = Debug|iPhone
		{96894233-B7F5-4D61-A1BD-97FF458CB67C}.Debug|ARM.ActiveCfg = Debug|iPhone
		{96894233-B7F5-4D61-A1BD-97FF458CB67C}.Debug|iPhone.ActiveCfg = Debug|iPhone
		{96894233-B7F5-4D61-A1BD-97FF458CB67C}.Debug|iPhone.Build.0 = Debug|iPhone
		{96894233-B7F5-4D61-A1BD-97FF458CB67C}.Debug|iPhoneSimulator.ActiveCfg = Debug|iPhoneSimulator
		{96894233-B7F5-4D61-A1BD-97FF458CB67C}.Debug|iPhoneSimulator.Build.0 = Debug|iPhoneSimulator
		{96894233-B7F5-4D61-A1BD-97FF458CB67C}.Debug|x64.ActiveCfg = Debug|iPhone
		{96894233-B7F5-4D61-A1BD-97FF458CB67C}.Debug|x86.ActiveCfg = Debug|iPhone
		{96894233-B7F5-4D61-A1BD-97FF458CB67C}.Release|Any CPU.ActiveCfg = Release|iPhone
		{96894233-B7F5-4D61-A1BD-97FF458CB67C}.Release|ARM.ActiveCfg = Release|iPhone
		{96894233-B7F5-4D61-A1BD-97FF458CB67C}.Release|iPhone.ActiveCfg = Release|iPhone
		{96894233-B7F5-4D61-A1BD-97FF458CB67C}.Release|iPhone.Build.0 = Release|iPhone
		{96894233-B7F5-4D61-A1BD-97FF458CB67C}.Release|iPhoneSimulator.ActiveCfg = Release|iPhoneSimulator
		{96894233-B7F5-4D61-A1BD-97FF458CB67C}.Release|iPhoneSimulator.Build.0 = Release|iPhoneSimulator
		{96894233-B7F5-4D61-A1BD-97FF458CB67C}.Release|x64.ActiveCfg = Release|iPhone
		{96894233-B7F5-4D61-A1BD-97FF458CB67C}.Release|x86.ActiveCfg = Release|iPhone
		{DF573F0A-A645-4744-8AD2-972886D2EC44}.Ad-Hoc|Any CPU.ActiveCfg = Release|x86
		{DF573F0A-A645-4744-8AD2-972886D2EC44}.Ad-Hoc|Any CPU.Build.0 = Release|x86
		{DF573F0A-A645-4744-8AD2-972886D2EC44}.Ad-Hoc|Any CPU.Deploy.0 = Release|x86
		{DF573F0A-A645-4744-8AD2-972886D2EC44}.Ad-Hoc|ARM.ActiveCfg = Release|ARM
		{DF573F0A-A645-4744-8AD2-972886D2EC44}.Ad-Hoc|ARM.Build.0 = Release|ARM
		{DF573F0A-A645-4744-8AD2-972886D2EC44}.Ad-Hoc|ARM.Deploy.0 = Release|ARM
		{DF573F0A-A645-4744-8AD2-972886D2EC44}.Ad-Hoc|iPhone.ActiveCfg = Release|x86
		{DF573F0A-A645-4744-8AD2-972886D2EC44}.Ad-Hoc|iPhone.Build.0 = Release|x86
		{DF573F0A-A645-4744-8AD2-972886D2EC44}.Ad-Hoc|iPhone.Deploy.0 = Release|x86
		{DF573F0A-A645-4744-8AD2-972886D2EC44}.Ad-Hoc|iPhoneSimulator.ActiveCfg = Release|x86
		{DF573F0A-A645-4744-8AD2-972886D2EC44}.Ad-Hoc|iPhoneSimulator.Build.0 = Release|x86
		{DF573F0A-A645-4744-8AD2-972886D2EC44}.Ad-Hoc|iPhoneSimulator.Deploy.0 = Release|x86
		{DF573F0A-A645-4744-8AD2-972886D2EC44}.Ad-Hoc|x64.ActiveCfg = Release|x64
		{DF573F0A-A645-4744-8AD2-972886D2EC44}.Ad-Hoc|x64.Build.0 = Release|x64
		{DF573F0A-A645-4744-8AD2-972886D2EC44}.Ad-Hoc|x64.Deploy.0 = Release|x64
		{DF573F0A-A645-4744-8AD2-972886D2EC44}.Ad-Hoc|x86.ActiveCfg = Release|x86
		{DF573F0A-A645-4744-8AD2-972886D2EC44}.Ad-Hoc|x86.Build.0 = Release|x86
		{DF573F0A-A645-4744-8AD2-972886D2EC44}.Ad-Hoc|x86.Deploy.0 = Release|x86
		{DF573F0A-A645-4744-8AD2-972886D2EC44}.AppStore|Any CPU.ActiveCfg = Release|x86
		{DF573F0A-A645-4744-8AD2-972886D2EC44}.AppStore|Any CPU.Build.0 = Release|x86
		{DF573F0A-A645-4744-8AD2-972886D2EC44}.AppStore|Any CPU.Deploy.0 = Release|x86
		{DF573F0A-A645-4744-8AD2-972886D2EC44}.AppStore|ARM.ActiveCfg = Release|ARM
		{DF573F0A-A645-4744-8AD2-972886D2EC44}.AppStore|ARM.Build.0 = Release|ARM
		{DF573F0A-A645-4744-8AD2-972886D2EC44}.AppStore|ARM.Deploy.0 = Release|ARM
		{DF573F0A-A645-4744-8AD2-972886D2EC44}.AppStore|iPhone.ActiveCfg = Release|x86
		{DF573F0A-A645-4744-8AD2-972886D2EC44}.AppStore|iPhone.Build.0 = Release|x86
		{DF573F0A-A645-4744-8AD2-972886D2EC44}.AppStore|iPhone.Deploy.0 = Release|x86
		{DF573F0A-A645-4744-8AD2-972886D2EC44}.AppStore|iPhoneSimulator.ActiveCfg = Release|x86
		{DF573F0A-A645-4744-8AD2-972886D2EC44}.AppStore|iPhoneSimulator.Build.0 = Release|x86
		{DF573F0A-A645-4744-8AD2-972886D2EC44}.AppStore|iPhoneSimulator.Deploy.0 = Release|x86
		{DF573F0A-A645-4744-8AD2-972886D2EC44}.AppStore|x64.ActiveCfg = Release|x64
		{DF573F0A-A645-4744-8AD2-972886D2EC44}.AppStore|x64.Build.0 = Release|x64
		{DF573F0A-A645-4744-8AD2-972886D2EC44}.AppStore|x64.Deploy.0 = Release|x64
		{DF573F0A-A645-4744-8AD2-972886D2EC44}.AppStore|x86.ActiveCfg = Release|x86
		{DF573F0A-A645-4744-8AD2-972886D2EC44}.AppStore|x86.Build.0 = Release|x86
		{DF573F0A-A645-4744-8AD2-972886D2EC44}.AppStore|x86.Deploy.0 = Release|x86
		{DF573F0A-A645-4744-8AD2-972886D2EC44}.Debug|Any CPU.ActiveCfg = Debug|x86
		{DF573F0A-A645-4744-8AD2-972886D2EC44}.Debug|ARM.ActiveCfg = Debug|ARM
		{DF573F0A-A645-4744-8AD2-972886D2EC44}.Debug|ARM.Build.0 = Debug|ARM
		{DF573F0A-A645-4744-8AD2-972886D2EC44}.Debug|ARM.Deploy.0 = Debug|ARM
		{DF573F0A-A645-4744-8AD2-972886D2EC44}.Debug|iPhone.ActiveCfg = Debug|x86
		{DF573F0A-A645-4744-8AD2-972886D2EC44}.Debug|iPhoneSimulator.ActiveCfg = Debug|x86
		{DF573F0A-A645-4744-8AD2-972886D2EC44}.Debug|x64.ActiveCfg = Debug|x64
		{DF573F0A-A645-4744-8AD2-972886D2EC44}.Debug|x64.Build.0 = Debug|x64
		{DF573F0A-A645-4744-8AD2-972886D2EC44}.Debug|x64.Deploy.0 = Debug|x64
		{DF573F0A-A645-4744-8AD2-972886D2EC44}.Debug|x86.ActiveCfg = Debug|x86
		{DF573F0A-A645-4744-8AD2-972886D2EC44}.Debug|x86.Build.0 = Debug|x86
		{DF573F0A-A645-4744-8AD2-972886D2EC44}.Debug|x86.Deploy.0 = Debug|x86
		{DF573F0A-A645-4744-8AD2-972886D2EC44}.Release|Any CPU.ActiveCfg = Release|x86
		{DF573F0A-A645-4744-8AD2-972886D2EC44}.Release|ARM.ActiveCfg = Release|ARM
		{DF573F0A-A645-4744-8AD2-972886D2EC44}.Release|ARM.Build.0 = Release|ARM
		{DF573F0A-A645-4744-8AD2-972886D2EC44}.Release|ARM.Deploy.0 = Release|ARM
		{DF573F0A-A645-4744-8AD2-972886D2EC44}.Release|iPhone.ActiveCfg = Release|x86
		{DF573F0A-A645-4744-8AD2-972886D2EC44}.Release|iPhoneSimulator.ActiveCfg = Release|x86
		{DF573F0A-A645-4744-8AD2-972886D2EC44}.Release|x64.ActiveCfg = Release|x64
		{DF573F0A-A645-4744-8AD2-972886D2EC44}.Release|x64.Build.0 = Release|x64
		{DF573F0A-A645-4744-8AD2-972886D2EC44}.Release|x64.Deploy.0 = Release|x64
		{DF573F0A-A645-4744-8AD2-972886D2EC44}.Release|x86.ActiveCfg = Release|x86
		{DF573F0A-A645-4744-8AD2-972886D2EC44}.Release|x86.Build.0 = Release|x86
		{DF573F0A-A645-4744-8AD2-972886D2EC44}.Release|x86.Deploy.0 = Release|x86
	EndGlobalSection
	GlobalSection(SolutionProperties) = preSolution
		HideSolutionNode = FALSE
	EndGlobalSection
EndGlobal
